
Microsoft Visual Studio Solution File, Format Version 12.00
# Visual Studio Version 17
VisualStudioVersion = 17.14.36930.0 d17.14
MinimumVisualStudioVersion = 10.0.40219.1
Project("{FAE04EC0-301F-11D3-BF4B-00C04F79EFBC}") = "Assignment05", "Assignment05\Assignment05.csproj", "{B2593B55-8550-402D-8612-0FC783B44CAE}"
EndProject
Global
	GlobalSection(SolutionConfigurationPlatforms) = preSolution
		Debug|Any CPU = Debug|Any CPU
		Release|Any CPU = Release|Any CPU
	EndGlobalSection
	GlobalSection(ProjectConfigurationPlatforms) = postSolution
		{B2593B55-8550-402D-8612-0FC783B44CAE}.Debug|Any CPU.ActiveCfg = Debug|Any CPU
		{B2593B55-8550-402D-8612-0FC783B44CAE}.Debug|Any CPU.Build.0 = Debug|Any CPU
		{B2593B55-8550-402D-8612-0FC783B44CAE}.Release|Any CPU.ActiveCfg = Release|Any CPU
		{B2593B55-8550-402D-8612-0FC783B44CAE}.Release|Any CPU.Build.0 = Release|Any CPU
	EndGlobalSection
	GlobalSection(SolutionProperties) = preSolution
		HideSolutionNode = FALSE
	EndGlobalSection
	GlobalSection(ExtensibilityGlobals) = postSolution
		SolutionGuid = {4ADB5B4E-786D-4425-A222-20DB2741A97A}
	EndGlobalSection
EndGlobal
